// !$*UTF8*$!
{
	archiveVersion = 1;
	classes = {
	};
	objectVersion = 46;
	objects = {

/* Begin PBXBuildFile section */
		BE2BA31D1901E7C500784247 /* Foundation.framework in Frameworks */ = {isa = PBXBuildFile; fileRef = BE2BA31C1901E7C500784247 /* Foundation.framework */; };
		BE2BA31F1901E7C500784247 /* CoreGraphics.framework in Frameworks */ = {isa = PBXBuildFile; fileRef = BE2BA31E1901E7C500784247 /* CoreGraphics.framework */; };
		BE2BA3211901E7C500784247 /* UIKit.framework in Frameworks */ = {isa = PBXBuildFile; fileRef = BE2BA3201901E7C500784247 /* UIKit.framework */; };
		BE2BA3271901E7C500784247 /* InfoPlist.strings in Resources */ = {isa = PBXBuildFile; fileRef = BE2BA3251901E7C500784247 /* InfoPlist.strings */; };
		BE2BA3291901E7C500784247 /* main.m in Sources */ = {isa = PBXBuildFile; fileRef = BE2BA3281901E7C500784247 /* main.m */; };
		BE2BA32D1901E7C500784247 /* KXAppDelegate.m in Sources */ = {isa = PBXBuildFile; fileRef = BE2BA32C1901E7C500784247 /* KXAppDelegate.m */; };
		BE2BA3301901E7C500784247 /* Main.storyboard in Resources */ = {isa = PBXBuildFile; fileRef = BE2BA32E1901E7C500784247 /* Main.storyboard */; };
		BE2BA3331901E7C500784247 /* KXViewController.m in Sources */ = {isa = PBXBuildFile; fileRef = BE2BA3321901E7C500784247 /* KXViewController.m */; };
		BE2BA3351901E7C500784247 /* Images.xcassets in Resources */ = {isa = PBXBuildFile; fileRef = BE2BA3341901E7C500784247 /* Images.xcassets */; };
		BE2BA33C1901E7C500784247 /* XCTest.framework in Frameworks */ = {isa = PBXBuildFile; fileRef = BE2BA33B1901E7C500784247 /* XCTest.framework */; };
		BE2BA33D1901E7C500784247 /* Foundation.framework in Frameworks */ = {isa = PBXBuildFile; fileRef = BE2BA31C1901E7C500784247 /* Foundation.framework */; };
		BE2BA33E1901E7C500784247 /* UIKit.framework in Frameworks */ = {isa = PBXBuildFile; fileRef = BE2BA3201901E7C500784247 /* UIKit.framework */; };
		BE2BA3461901E7C500784247 /* InfoPlist.strings in Resources */ = {isa = PBXBuildFile; fileRef = BE2BA3441901E7C500784247 /* InfoPlist.strings */; };
		BE2BA3481901E7C500784247 /* UIScrollView_Challenge_SolutionTests.m in Sources */ = {isa = PBXBuildFile; fileRef = BE2BA3471901E7C500784247 /* UIScrollView_Challenge_SolutionTests.m */; };
		BE2BA3521901E89F00784247 /* world-map.jpg in Resources */ = {isa = PBXBuildFile; fileRef = BE2BA3511901E89F00784247 /* world-map.jpg */; };
		BE2BA3541901EAEE00784247 /* README.md in Resources */ = {isa = PBXBuildFile; fileRef = BE2BA3531901EAED00784247 /* README.md */; };
/* End PBXBuildFile section */

/* Begin PBXContainerItemProxy section */
		BE2BA33F1901E7C500784247 /* PBXContainerItemProxy */ = {
			isa = PBXContainerItemProxy;
			containerPortal = BE2BA3111901E7C500784247 /* Project object */;
			proxyType = 1;
			remoteGlobalIDString = BE2BA3181901E7C500784247;
			remoteInfo = "UIScrollView Challenge Solution";
		};
/* End PBXContainerItemProxy section */

/* Begin PBXFileReference section */
		BE2BA3191901E7C500784247 /* UIScrollView Challenge Solution.app */ = {isa = PBXFileReference; explicitFileType = wrapper.application; includeInIndex = 0; path = "UIScrollView Challenge Solution.app"; sourceTree = BUILT_PRODUCTS_DIR; };
		BE2BA31C1901E7C500784247 /* Foundation.framework */ = {isa = PBXFileReference; lastKnownFileType = wrapper.framework; name = Foundation.framework; path = System/Library/Frameworks/Foundation.framework; sourceTree = SDKROOT; };
		BE2BA31E1901E7C500784247 /* CoreGraphics.framework */ = {isa = PBXFileReference; lastKnownFileType = wrapper.framework; name = CoreGraphics.framework; path = System/Library/Frameworks/CoreGraphics.framework; sourceTree = SDKROOT; };
		BE2BA3201901E7C500784247 /* UIKit.framework */ = {isa = PBXFileReference; lastKnownFileType = wrapper.framework; name = UIKit.framework; path = System/Library/Frameworks/UIKit.framework; sourceTree = SDKROOT; };
		BE2BA3241901E7C500784247 /* UIScrollView Challenge Solution-Info.plist */ = {isa = PBXFileReference; lastKnownFileType = text.plist.xml; path = "UIScrollView Challenge Solution-Info.plist"; sourceTree = "<group>"; };
		BE2BA3261901E7C500784247 /* en */ = {isa = PBXFileReference; lastKnownFileType = text.plist.strings; name = en; path = en.lproj/InfoPlist.strings; sourceTree = "<group>"; };
		BE2BA3281901E7C500784247 /* main.m */ = {isa = PBXFileReference; lastKnownFileType = sourcecode.c.objc; path = main.m; sourceTree = "<group>"; };
		BE2BA32A1901E7C500784247 /* UIScrollView Challenge Solution-Prefix.pch */ = {isa = PBXFileReference; lastKnownFileType = sourcecode.c.h; path = "UIScrollView Challenge Solution-Prefix.pch"; sourceTree = "<group>"; };
		BE2BA32B1901E7C500784247 /* KXAppDelegate.h */ = {isa = PBXFileReference; lastKnownFileType = sourcecode.c.h; path = KXAppDelegate.h; sourceTree = "<group>"; };
		BE2BA32C1901E7C500784247 /* KXAppDelegate.m */ = {isa = PBXFileReference; lastKnownFileType = sourcecode.c.objc; path = KXAppDelegate.m; sourceTree = "<group>"; };
		BE2BA32F1901E7C500784247 /* Base */ = {isa = PBXFileReference; lastKnownFileType = file.storyboard; name = Base; path = Base.lproj/Main.storyboard; sourceTree = "<group>"; };
		BE2BA3311901E7C500784247 /* KXViewController.h */ = {isa = PBXFileReference; lastKnownFileType = sourcecode.c.h; path = KXViewController.h; sourceTree = "<group>"; };
		BE2BA3321901E7C500784247 /* KXViewController.m */ = {isa = PBXFileReference; lastKnownFileType = sourcecode.c.objc; path = KXViewController.m; sourceTree = "<group>"; };
		BE2BA3341901E7C500784247 /* Images.xcassets */ = {isa = PBXFileReference; lastKnownFileType = folder.assetcatalog; path = Images.xcassets; sourceTree = "<group>"; };
		BE2BA33A1901E7C500784247 /* UIScrollView Challenge SolutionTests.xctest */ = {isa = PBXFileReference; explicitFileType = wrapper.cfbundle; includeInIndex = 0; path = "UIScrollView Challenge SolutionTests.xctest"; sourceTree = BUILT_PRODUCTS_DIR; };
		BE2BA33B1901E7C500784247 /* XCTest.framework */ = {isa = PBXFileReference; lastKnownFileType = wrapper.framework; name = XCTest.framework; path = Library/Frameworks/XCTest.framework; sourceTree = DEVELOPER_DIR; };
		BE2BA3431901E7C500784247 /* UIScrollView Challenge SolutionTests-Info.plist */ = {isa = PBXFileReference; lastKnownFileType = text.plist.xml; path = "UIScrollView Challenge SolutionTests-Info.plist"; sourceTree = "<group>"; };
		BE2BA3451901E7C500784247 /* en */ = {isa = PBXFileReference; lastKnownFileType = text.plist.strings; name = en; path = en.lproj/InfoPlist.strings; sourceTree = "<group>"; };
		BE2BA3471901E7C500784247 /* UIScrollView_Challenge_SolutionTests.m */ = {isa = PBXFileReference; lastKnownFileType = sourcecode.c.objc; path = UIScrollView_Challenge_SolutionTests.m; sourceTree = "<group>"; };
		BE2BA3511901E89F00784247 /* world-map.jpg */ = {isa = PBXFileReference; lastKnownFileType = image.jpeg; path = "world-map.jpg"; sourceTree = "<group>"; };
		BE2BA3531901EAED00784247 /* README.md */ = {isa = PBXFileReference; fileEncoding = 4; lastKnownFileType = text; name = README.md; path = ../README.md; sourceTree = "<group>"; };
/* End PBXFileReference section */

/* Begin PBXFrameworksBuildPhase section */
		BE2BA3161901E7C500784247 /* Frameworks */ = {
			isa = PBXFrameworksBuildPhase;
			buildActionMask = 2147483647;
			files = (
				BE2BA31F1901E7C500784247 /* CoreGraphics.framework in Frameworks */,
				BE2BA3211901E7C500784247 /* UIKit.framework in Frameworks */,
				BE2BA31D1901E7C500784247 /* Foundation.framework in Frameworks */,
			);
			runOnlyForDeploymentPostprocessing = 0;
		};
		BE2BA3371901E7C500784247 /* Frameworks */ = {
			isa = PBXFrameworksBuildPhase;
			buildActionMask = 2147483647;
			files = (
				BE2BA33C1901E7C500784247 /* XCTest.framework in Frameworks */,
				BE2BA33E1901E7C500784247 /* UIKit.framework in Frameworks */,
				BE2BA33D1901E7C500784247 /* Foundation.framework in Frameworks */,
			);
			runOnlyForDeploymentPostprocessing = 0;
		};
/* End PBXFrameworksBuildPhase section */

/* Begin PBXGroup section */
		BE2BA3101901E7C500784247 = {
			isa = PBXGroup;
			children = (
				BE2BA3221901E7C500784247 /* UIScrollView Challenge Solution */,
				BE2BA3411901E7C500784247 /* UIScrollView Challenge SolutionTests */,
				BE2BA31B1901E7C500784247 /* Frameworks */,
				BE2BA31A1901E7C500784247 /* Products */,
			);
			sourceTree = "<group>";
		};
		BE2BA31A1901E7C500784247 /* Products */ = {
			isa = PBXGroup;
			children = (
				BE2BA3191901E7C500784247 /* UIScrollView Challenge Solution.app */,
				BE2BA33A1901E7C500784247 /* UIScrollView Challenge SolutionTests.xctest */,
			);
			name = Products;
			sourceTree = "<group>";
		};
		BE2BA31B1901E7C500784247 /* Frameworks */ = {
			isa = PBXGroup;
			children = (
				BE2BA31C1901E7C500784247 /* Foundation.framework */,
				BE2BA31E1901E7C500784247 /* CoreGraphics.framework */,
				BE2BA3201901E7C500784247 /* UIKit.framework */,
				BE2BA33B1901E7C500784247 /* XCTest.framework */,
			);
			name = Frameworks;
			sourceTree = "<group>";
		};
		BE2BA3221901E7C500784247 /* UIScrollView Challenge Solution */ = {
			isa = PBXGroup;
			children = (
				BE2BA32B1901E7C500784247 /* KXAppDelegate.h */,
				BE2BA32C1901E7C500784247 /* KXAppDelegate.m */,
				BE2BA32E1901E7C500784247 /* Main.storyboard */,
				BE2BA3311901E7C500784247 /* KXViewController.h */,
				BE2BA3321901E7C500784247 /* KXViewController.m */,
				BE2BA3341901E7C500784247 /* Images.xcassets */,
				BE2BA3231901E7C500784247 /* Supporting Files */,
			);
			path = "UIScrollView Challenge Solution";
			sourceTree = "<group>";
		};
		BE2BA3231901E7C500784247 /* Supporting Files */ = {
			isa = PBXGroup;
			children = (
				BE2BA3531901EAED00784247 /* README.md */,
				BE2BA3511901E89F00784247 /* world-map.jpg */,
				BE2BA3241901E7C500784247 /* UIScrollView Challenge Solution-Info.plist */,
				BE2BA3251901E7C500784247 /* InfoPlist.strings */,
				BE2BA3281901E7C500784247 /* main.m */,
				BE2BA32A1901E7C500784247 /* UIScrollView Challenge Solution-Prefix.pch */,
			);
			name = "Supporting Files";
			sourceTree = "<group>";
		};
		BE2BA3411901E7C500784247 /* UIScrollView Challenge SolutionTests */ = {
			isa = PBXGroup;
			children = (
				BE2BA3471901E7C500784247 /* UIScrollView_Challenge_SolutionTests.m */,
				BE2BA3421901E7C500784247 /* Supporting Files */,
			);
			path = "UIScrollView Challenge SolutionTests";
			sourceTree = "<group>";
		};
		BE2BA3421901E7C500784247 /* Supporting Files */ = {
			isa = PBXGroup;
			children = (
				BE2BA3431901E7C500784247 /* UIScrollView Challenge SolutionTests-Info.plist */,
				BE2BA3441901E7C500784247 /* InfoPlist.strings */,
			);
			name = "Supporting Files";
			sourceTree = "<group>";
		};
/* End PBXGroup section */

/* Begin PBXNativeTarget section */
		BE2BA3181901E7C500784247 /* UIScrollView Challenge Solution */ = {
			isa = PBXNativeTarget;
			buildConfigurationList = BE2BA34B1901E7C500784247 /* Build configuration list for PBXNativeTarget "UIScrollView Challenge Solution" */;
			buildPhases = (
				BE2BA3151901E7C500784247 /* Sources */,
				BE2BA3161901E7C500784247 /* Frameworks */,
				BE2BA3171901E7C500784247 /* Resources */,
			);
			buildRules = (
			);
			dependencies = (
			);
			name = "UIScrollView Challenge Solution";
			productName = "UIScrollView Challenge Solution";
			productReference = BE2BA3191901E7C500784247 /* UIScrollView Challenge Solution.app */;
			productType = "com.apple.product-type.application";
		};
		BE2BA3391901E7C500784247 /* UIScrollView Challenge SolutionTests */ = {
			isa = PBXNativeTarget;
			buildConfigurationList = BE2BA34E1901E7C500784247 /* Build configuration list for PBXNativeTarget "UIScrollView Challenge SolutionTests" */;
			buildPhases = (
				BE2BA3361901E7C500784247 /* Sources */,
				BE2BA3371901E7C500784247 /* Frameworks */,
				BE2BA3381901E7C500784247 /* Resources */,
			);
			buildRules = (
			);
			dependencies = (
				BE2BA3401901E7C500784247 /* PBXTargetDependency */,
			);
			name = "UIScrollView Challenge SolutionTests";
			productName = "UIScrollView Challenge SolutionTests";
			productReference = BE2BA33A1901E7C500784247 /* UIScrollView Challenge SolutionTests.xctest */;
			productType = "com.apple.product-type.bundle.unit-test";
		};
/* End PBXNativeTarget section */

/* Begin PBXProject section */
		BE2BA3111901E7C500784247 /* Project object */ = {
			isa = PBXProject;
			attributes = {
				CLASSPREFIX = KX;
				LastUpgradeCheck = 0510;
				ORGANIZATIONNAME = "Kenneth Wilcox";
				TargetAttributes = {
					BE2BA3391901E7C500784247 = {
						TestTargetID = BE2BA3181901E7C500784247;
					};
				};
			};
			buildConfigurationList = BE2BA3141901E7C500784247 /* Build configuration list for PBXProject "UIScrollView Challenge Solution" */;
			compatibilityVersion = "Xcode 3.2";
			developmentRegion = English;
			hasScannedForEncodings = 0;
			knownRegions = (
				en,
				Base,
			);
			mainGroup = BE2BA3101901E7C500784247;
			productRefGroup = BE2BA31A1901E7C500784247 /* Products */;
			projectDirPath = "";
			projectRoot = "";
			targets = (
				BE2BA3181901E7C500784247 /* UIScrollView Challenge Solution */,
				BE2BA3391901E7C500784247 /* UIScrollView Challenge SolutionTests */,
			);
		};
/* End PBXProject section */

/* Begin PBXResourcesBuildPhase section */
		BE2BA3171901E7C500784247 /* Resources */ = {
			isa = PBXResourcesBuildPhase;
			buildActionMask = 2147483647;
			files = (
				BE2BA3351901E7C500784247 /* Images.xcassets in Resources */,
				BE2BA3521901E89F00784247 /* world-map.jpg in Resources */,
				BE2BA3541901EAEE00784247 /* README.md in Resources */,
				BE2BA3271901E7C500784247 /* InfoPlist.strings in Resources */,
				BE2BA3301901E7C500784247 /* Main.storyboard in Resources */,
			);
			runOnlyForDeploymentPostprocessing = 0;
		};
		BE2BA3381901E7C500784247 /* Resources */ = {
			isa = PBXResourcesBuildPhase;
			buildActionMask = 2147483647;
			files = (
				BE2BA3461901E7C500784247 /* InfoPlist.strings in Resources */,
			);
			runOnlyForDeploymentPostprocessing = 0;
		};
/* End PBXResourcesBuildPhase section */

/* Begin PBXSourcesBuildPhase section */
		BE2BA3151901E7C500784247 /* Sources */ = {
			isa = PBXSourcesBuildPhase;
			buildActionMask = 2147483647;
			files = (
				BE2BA3331901E7C500784247 /* KXViewController.m in Sources */,
				BE2BA3291901E7C500784247 /* main.m in Sources */,
				BE2BA32D1901E7C500784247 /* KXAppDelegate.m in Sources */,
			);
			runOnlyForDeploymentPostprocessing = 0;
		};
		BE2BA3361901E7C500784247 /* Sources */ = {
			isa = PBXSourcesBuildPhase;
			buildActionMask = 2147483647;
			files = (
				BE2BA3481901E7C500784247 /* UIScrollView_Challenge_SolutionTests.m in Sources */,
			);
			runOnlyForDeploymentPostprocessing = 0;
		};
/* End PBXSourcesBuildPhase section */

/* Begin PBXTargetDependency section */
		BE2BA3401901E7C500784247 /* PBXTargetDependency */ = {
			isa = PBXTargetDependency;
			target = BE2BA3181901E7C500784247 /* UIScrollView Challenge Solution */;
			targetProxy = BE2BA33F1901E7C500784247 /* PBXContainerItemProxy */;
		};
/* End PBXTargetDependency section */

/* Begin PBXVariantGroup section */
		BE2BA3251901E7C500784247 /* InfoPlist.strings */ = {
			isa = PBXVariantGroup;
			children = (
				BE2BA3261901E7C500784247 /* en */,
			);
			name = InfoPlist.strings;
			sourceTree = "<group>";
		};
		BE2BA32E1901E7C500784247 /* Main.storyboard */ = {
			isa = PBXVariantGroup;
			children = (
				BE2BA32F1901E7C500784247 /* Base */,
			);
			name = Main.storyboard;
			sourceTree = "<group>";
		};
		BE2BA3441901E7C500784247 /* InfoPlist.strings */ = {
			isa = PBXVariantGroup;
			children = (
				BE2BA3451901E7C500784247 /* en */,
			);
			name = InfoPlist.strings;
			sourceTree = "<group>";
		};
/* End PBXVariantGroup section */

/* Begin XCBuildConfiguration section */
		BE2BA3491901E7C500784247 /* Debug */ = {
			isa = XCBuildConfiguration;
			buildSettings = {
				ALWAYS_SEARCH_USER_PATHS = NO;
				CLANG_CXX_LANGUAGE_STANDARD = "gnu++0x";
				CLANG_CXX_LIBRARY = "libc++";
				CLANG_ENABLE_MODULES = YES;
				CLANG_ENABLE_OBJC_ARC = YES;
				CLANG_WARN_BOOL_CONVERSION = YES;
				CLANG_WARN_CONSTANT_CONVERSION = YES;
				CLANG_WARN_DIRECT_OBJC_ISA_USAGE = YES_ERROR;
				CLANG_WARN_EMPTY_BODY = YES;
				CLANG_WARN_ENUM_CONVERSION = YES;
				CLANG_WARN_INT_CONVERSION = YES;
				CLANG_WARN_OBJC_ROOT_CLASS = YES_ERROR;
				CLANG_WARN__DUPLICATE_METHOD_MATCH = YES;
				"CODE_SIGN_IDENTITY[sdk=iphoneos*]" = "iPhone Developer";
				COPY_PHASE_STRIP = NO;
				GCC_C_LANGUAGE_STANDARD = gnu99;
				GCC_DYNAMIC_NO_PIC = NO;
				GCC_OPTIMIZATION_LEVEL = 0;
				GCC_PREPROCESSOR_DEFINITIONS = (
					"DEBUG=1",
					"$(inherited)",
				);
				GCC_SYMBOLS_PRIVATE_EXTERN = NO;
				GCC_WARN_64_TO_32_BIT_CONVERSION = YES;
				GCC_WARN_ABOUT_RETURN_TYPE = YES_ERROR;
				GCC_WARN_UNDECLARED_SELECTOR = YES;
				GCC_WARN_UNINITIALIZED_AUTOS = YES_AGGRESSIVE;
				GCC_WARN_UNUSED_FUNCTION = YES;
				GCC_WARN_UNUSED_VARIABLE = YES;
				IPHONEOS_DEPLOYMENT_TARGET = 7.1;
				ONLY_ACTIVE_ARCH = YES;
				SDKROOT = iphoneos;
			};
			name = Debug;
		};
		BE2BA34A1901E7C500784247 /* Release */ = {
			isa = XCBuildConfiguration;
			buildSettings = {
				ALWAYS_SEARCH_USER_PATHS = NO;
				CLANG_CXX_LANGUAGE_STANDARD = "gnu++0x";
				CLANG_CXX_LIBRARY = "libc++";
				CLANG_ENABLE_MODULES = YES;
				CLANG_ENABLE_OBJC_ARC = YES;
				CLANG_WARN_BOOL_CONVERSION = YES;
				CLANG_WARN_CONSTANT_CONVERSION = YES;
				CLANG_WARN_DIRECT_OBJC_ISA_USAGE = YES_ERROR;
				CLANG_WARN_EMPTY_BODY = YES;
				CLANG_WARN_ENUM_CONVERSION = YES;
				CLANG_WARN_INT_CONVERSION = YES;
				CLANG_WARN_OBJC_ROOT_CLASS = YES_ERROR;
				CLANG_WARN__DUPLICATE_METHOD_MATCH = YES;
				"CODE_SIGN_IDENTITY[sdk=iphoneos*]" = "iPhone Developer";
				COPY_PHASE_STRIP = YES;
				ENABLE_NS_ASSERTIONS = NO;
				GCC_C_LANGUAGE_STANDARD = gnu99;
				GCC_WARN_64_TO_32_BIT_CONVERSION = YES;
				GCC_WARN_ABOUT_RETURN_TYPE = YES_ERROR;
				GCC_WARN_UNDECLARED_SELECTOR = YES;
				GCC_WARN_UNINITIALIZED_AUTOS = YES_AGGRESSIVE;
				GCC_WARN_UNUSED_FUNCTION = YES;
				GCC_WARN_UNUSED_VARIABLE = YES;
				IPHONEOS_DEPLOYMENT_TARGET = 7.1;
				SDKROOT = iphoneos;
				VALIDATE_PRODUCT = YES;
			};
			name = Release;
		};
		BE2BA34C1901E7C500784247 /* Debug */ = {
			isa = XCBuildConfiguration;
			buildSettings = {
				ASSETCATALOG_COMPILER_APPICON_NAME = AppIcon;
				ASSETCATALOG_COMPILER_LAUNCHIMAGE_NAME = LaunchImage;
				GCC_PRECOMPILE_PREFIX_HEADER = YES;
				GCC_PREFIX_HEADER = "UIScrollView Challenge Solution/UIScrollView Challenge Solution-Prefix.pch";
				INFOPLIST_FILE = "UIScrollView Challenge Solution/UIScrollView Challenge Solution-Info.plist";
				PRODUCT_NAME = "$(TARGET_NAME)";
				WRAPPER_EXTENSION = app;
			};
			name = Debug;
		};
		BE2BA34D1901E7C500784247 /* Release */ = {
			isa = XCBuildConfiguration;
			buildSettings = {
				ASSETCATALOG_COMPILER_APPICON_NAME = AppIcon;
				ASSETCATALOG_COMPILER_LAUNCHIMAGE_NAME = LaunchImage;
				GCC_PRECOMPILE_PREFIX_HEADER = YES;
				GCC_PREFIX_HEADER = "UIScrollView Challenge Solution/UIScrollView Challenge Solution-Prefix.pch";
				INFOPLIST_FILE = "UIScrollView Challenge Solution/UIScrollView Challenge Solution-Info.plist";
				PRODUCT_NAME = "$(TARGET_NAME)";
				WRAPPER_EXTENSION = app;
			};
			name = Release;
		};
		BE2BA34F1901E7C500784247 /* Debug */ = {
			isa = XCBuildConfiguration;
			buildSettings = {
				BUNDLE_LOADER = "$(BUILT_PRODUCTS_DIR)/UIScrollView Challenge Solution.app/UIScrollView Challenge Solution";
				FRAMEWORK_SEARCH_PATHS = (
					"$(SDKROOT)/Developer/Library/Frameworks",
					"$(inherited)",
					"$(DEVELOPER_FRAMEWORKS_DIR)",
				);
				GCC_PRECOMPILE_PREFIX_HEADER = YES;
				GCC_PREFIX_HEADER = "UIScrollView Challenge Solution/UIScrollView Challenge Solution-Prefix.pch";
				GCC_PREPROCESSOR_DEFINITIONS = (
					"DEBUG=1",
					"$(inherited)",
				);
				INFOPLIST_FILE = "UIScrollView Challenge SolutionTests/UIScrollView Challenge SolutionTests-Info.plist";
				PRODUCT_NAME = "$(TARGET_NAME)";
				TEST_HOST = "$(BUNDLE_LOADER)";
				WRAPPER_EXTENSION = xctest;
			};
			name = Debug;
		};
		BE2BA3501901E7C500784247 /* Release */ = {
			isa = XCBuildConfiguration;
			buildSettings = {
				BUNDLE_LOADER = "$(BUILT_PRODUCTS_DIR)/UIScrollView Challenge Solution.app/UIScrollView Challenge Solution";
				FRAMEWORK_SEARCH_PATHS = (
					"$(SDKROOT)/Developer/Library/Frameworks",
					"$(inherited)",
					"$(DEVELOPER_FRAMEWORKS_DIR)",
				);
				GCC_PRECOMPILE_PREFIX_HEADER = YES;
				GCC_PREFIX_HEADER = "UIScrollView Challenge Solution/UIScrollView Challenge Solution-Prefix.pch";
				INFOPLIST_FILE = "UIScrollView Challenge SolutionTests/UIScrollView Challenge SolutionTests-Info.plist";
				PRODUCT_NAME = "$(TARGET_NAME)";
				TEST_HOST = "$(BUNDLE_LOADER)";
				WRAPPER_EXTENSION = xctest;
			};
			name = Release;
		};
/* End XCBuildConfiguration section */

/* Begin XCConfigurationList section */
		BE2BA3141901E7C500784247 /* Build configuration list for PBXProject "UIScrollView Challenge Solution" */ = {
			isa = XCConfigurationList;
			buildConfigurations = (
				BE2BA3491901E7C500784247 /* Debug */,
				BE2BA34A1901E7C500784247 /* Release */,
			);
			defaultConfigurationIsVisible = 0;
			defaultConfigurationName = Release;
		};
		BE2BA34B1901E7C500784247 /* Build configuration list for PBXNativeTarget "UIScrollView Challenge Solution" */ = {
			isa = XCConfigurationList;
			buildConfigurations = (
				BE2BA34C1901E7C500784247 /* Debug */,
				BE2BA34D1901E7C500784247 /* Release */,
			);
			defaultConfigurationIsVisible = 0;
		};
		BE2BA34E1901E7C500784247 /* Build configuration list for PBXNativeTarget "UIScrollView Challenge SolutionTests" */ = {
			isa = XCConfigurationList;
			buildConfigurations = (
				BE2BA34F1901E7C500784247 /* Debug */,
				BE2BA3501901E7C500784247 /* Release */,
			);
			defaultConfigurationIsVisible = 0;
		};
/* End XCConfigurationList section */
	};
	rootObject = BE2BA3111901E7C500784247 /* Project object */;
}
